
Microsoft Visual Studio Solution File, Format Version 12.00
# Visual Studio Version 17
VisualStudioVersion = 17.12.35506.116
MinimumVisualStudioVersion = 10.0.40219.1
Project("{2150E333-8FDC-42A3-9474-1A3956D46DE8}") = "src", "src", "{AFAA0841-BD93-466F-B8F4-FB4EEC86F1FC}"
EndProject
Project("{2150E333-8FDC-42A3-9474-1A3956D46DE8}") = "test", "test", "{F10AA149-2626-486E-85BB-9CD5365F3016}"
EndProject
Project("{9A19103F-16F7-4668-BE54-9A1E7A4F7556}") = "Cz.Jarvis.Web.Host", "src\Cz.Jarvis.Web.Host\Cz.Jarvis.Web.Host.csproj", "{9FC37C62-2105-4D32-9724-7323B959504B}"
EndProject
Project("{9A19103F-16F7-4668-BE54-9A1E7A4F7556}") = "Cz.Jarvis.Core", "src\Cz.Jarvis.Core\Cz.Jarvis.Core.csproj", "{0FA75A5B-AB83-4FD0-B545-279774C01E87}"
EndProject
Project("{9A19103F-16F7-4668-BE54-9A1E7A4F7556}") = "Cz.Jarvis.Application", "src\Cz.Jarvis.Application\Cz.Jarvis.Application.csproj", "{3870C648-4AEA-4B85-BA3F-F2F63B96136A}"
EndProject
Project("{9A19103F-16F7-4668-BE54-9A1E7A4F7556}") = "Cz.Jarvis.Migrator", "src\Cz.Jarvis.Migrator\Cz.Jarvis.Migrator.csproj", "{7CAD3713-812A-4DE1-BDE3-59225B1E430A}"
EndProject
Project("{9A19103F-16F7-4668-BE54-9A1E7A4F7556}") = "Cz.Jarvis.Web.Core", "src\Cz.Jarvis.Web.Core\Cz.Jarvis.Web.Core.csproj", "{0F0E141D-2626-4114-9805-3AFD8275A6B0}"
EndProject
Project("{9A19103F-16F7-4668-BE54-9A1E7A4F7556}") = "Cz.Jarvis.EntityFrameworkCore", "src\Cz.Jarvis.EntityFrameworkCore\Cz.Jarvis.EntityFrameworkCore.csproj", "{A229F7D5-EE83-462E-8642-E9A2D5EA90FE}"
EndProject
Project("{2150E333-8FDC-42A3-9474-1A3956D46DE8}") = "Solution Items", "Solution Items", "{D04D9608-9CEB-4E0A-B548-410F7475E9F1}"
	ProjectSection(SolutionItems) = preProject
		common.props = common.props
	EndProjectSection
EndProject
Project("{9A19103F-16F7-4668-BE54-9A1E7A4F7556}") = "Cz.Jarvis.Application.Shared", "src\Cz.Jarvis.Application.Shared\Cz.Jarvis.Application.Shared.csproj", "{6143A90B-6C2A-4683-8A3A-4D48702770EA}"
EndProject
Project("{9A19103F-16F7-4668-BE54-9A1E7A4F7556}") = "Cz.Jarvis.Core.Shared", "src\Cz.Jarvis.Core.Shared\Cz.Jarvis.Core.Shared.csproj", "{4D6603C1-F7D6-4681-97F8-69B4BBBC0536}"
EndProject
Project("{FAE04EC0-301F-11D3-BF4B-00C04F79EFBC}") = "Cz.Jarvis.ConsoleApiClient", "test\Cz.Jarvis.ConsoleApiClient\Cz.Jarvis.ConsoleApiClient.csproj", "{666F9B8F-1D07-4B00-A5FF-36F4BFF5302F}"
EndProject
Project("{2150E333-8FDC-42A3-9474-1A3956D46DE8}") = "lib", "lib", "{2F73D02D-5F61-4352-93BB-F7342AA7E048}"
EndProject
Project("{FAE04EC0-301F-11D3-BF4B-00C04F79EFBC}") = "Cz.AspNetJarvisCore.Web", "lib\Cz.AspNetJarvisCore.Web\Cz.AspNetJarvisCore.Web.csproj", "{D3A60CA1-F06F-41B2-9A7C-2848BBF711E7}"
EndProject
Project("{FAE04EC0-301F-11D3-BF4B-00C04F79EFBC}") = "Cz.AspNetJarvisCore", "lib\Cz.AspNetJarvisCore\Cz.AspNetJarvisCore.csproj", "{03DC2603-B63C-4BFB-A8CE-1C0C7B97F355}"
EndProject
Project("{FAE04EC0-301F-11D3-BF4B-00C04F79EFBC}") = "Abp", "lib\Abp\Abp.csproj", "{131F6B07-1F81-24CE-8DB1-5E1DBF5788CB}"
EndProject
Project("{FAE04EC0-301F-11D3-BF4B-00C04F79EFBC}") = "Abp.Zero.Common", "lib\Abp.Zero.Common\Abp.Zero.Common.csproj", "{C4E26DB6-6BF3-0EAC-E91D-BBE119FD14D7}"
EndProject
Project("{FAE04EC0-301F-11D3-BF4B-00C04F79EFBC}") = "Abp.Web.Common", "lib\Abp.Web.Common\Abp.Web.Common.csproj", "{8DBBAB11-434D-10B3-59DC-7C04CEB5293E}"
EndProject
Project("{FAE04EC0-301F-11D3-BF4B-00C04F79EFBC}") = "Abp.ZeroCore.OpenIddict.EntityFrameworkCore", "lib\Abp.ZeroCore.OpenIddict.EntityFrameworkCore\Abp.ZeroCore.OpenIddict.EntityFrameworkCore.csproj", "{0AAAE841-9ED1-B5D9-455D-C1E1C1822198}"
EndProject
Project("{FAE04EC0-301F-11D3-BF4B-00C04F79EFBC}") = "Abp.ZeroCore.OpenIddict", "lib\Abp.ZeroCore.OpenIddict\Abp.ZeroCore.OpenIddict.csproj", "{FC4083FA-1879-81FA-DE11-8496C0FC0AB3}"
EndProject
Project("{FAE04EC0-301F-11D3-BF4B-00C04F79EFBC}") = "Abp.ZeroCore.EntityFrameworkCore", "lib\Abp.ZeroCore.EntityFrameworkCore\Abp.ZeroCore.EntityFrameworkCore.csproj", "{BE9D28B0-6FA6-D4F8-41C3-E6A1EE0FD379}"
EndProject
Project("{FAE04EC0-301F-11D3-BF4B-00C04F79EFBC}") = "Abp.ZeroCore", "lib\Abp.ZeroCore\Abp.ZeroCore.csproj", "{2896757E-9E68-DC55-C43A-CD4A6B90447E}"
EndProject
Project("{FAE04EC0-301F-11D3-BF4B-00C04F79EFBC}") = "Abp.EntityFramework", "lib\Abp.EntityFramework\Abp.EntityFramework.csproj", "{BEFA6312-372D-69D0-3E49-D2C3DE34B1F7}"
EndProject
Project("{FAE04EC0-301F-11D3-BF4B-00C04F79EFBC}") = "Abp.EntityFramework.Common", "lib\Abp.EntityFramework.Common\Abp.EntityFramework.Common.csproj", "{DD2D0DD9-1CCF-D609-3E8B-4F11FC421F34}"
EndProject
Project("{FAE04EC0-301F-11D3-BF4B-00C04F79EFBC}") = "Abp.EntityFrameworkCore", "lib\Abp.EntityFrameworkCore\Abp.EntityFrameworkCore.csproj", "{3D86A1AC-4A80-2056-8FF9-ADF14F23ACCE}"
EndProject
Project("{FAE04EC0-301F-11D3-BF4B-00C04F79EFBC}") = "Abp.AutoMapper", "lib\Abp.AutoMapper\Abp.AutoMapper.csproj", "{8A695CA2-8002-BEC9-E206-4AAB9A605721}"
EndProject
Project("{FAE04EC0-301F-11D3-BF4B-00C04F79EFBC}") = "Abp.MailKit", "lib\Abp.MailKit\Abp.MailKit.csproj", "{DBDCB66C-98D3-187F-0B26-D7BEDF21CDE5}"
EndProject
Project("{FAE04EC0-301F-11D3-BF4B-00C04F79EFBC}") = "Abp.Zero.Ldap", "lib\Abp.Zero.Ldap\Abp.Zero.Ldap.csproj", "{FF1F60F2-7C93-1798-1774-EF7B2DD5C4BC}"
EndProject
Project("{FAE04EC0-301F-11D3-BF4B-00C04F79EFBC}") = "Abp.Castle.Log4Net", "lib\Abp.Castle.Log4Net\Abp.Castle.Log4Net.csproj", "{FA994A3E-E09E-1E5D-8ACB-98CB840CB196}"
EndProject
Project("{FAE04EC0-301F-11D3-BF4B-00C04F79EFBC}") = "Abp.HtmlSanitizer", "lib\Abp.HtmlSanitizer\Abp.HtmlSanitizer.csproj", "{1AD52FDF-9638-A24D-0C2D-66F21F555D06}"
EndProject
Project("{FAE04EC0-301F-11D3-BF4B-00C04F79EFBC}") = "Abp.RedisCache", "lib\Abp.RedisCache\Abp.RedisCache.csproj", "{8D2FC505-8BD4-28F2-8CD1-F42523EEA780}"
EndProject
Project("{FAE04EC0-301F-11D3-BF4B-00C04F79EFBC}") = "Abp.HangFire.AspNetCore", "lib\Abp.HangFire.AspNetCore\Abp.HangFire.AspNetCore.csproj", "{B7358802-AF30-22F4-8AA3-49B6F5F24C56}"
EndProject
Project("{FAE04EC0-301F-11D3-BF4B-00C04F79EFBC}") = "Abp.AspNetCore.SignalR", "lib\Abp.AspNetCore.SignalR\Abp.AspNetCore.SignalR.csproj", "{C9F55D03-BEE9-0A13-2769-5C45659FFBB0}"
EndProject
Project("{FAE04EC0-301F-11D3-BF4B-00C04F79EFBC}") = "Abp.AspNetCore.OpenIddict", "lib\Abp.AspNetCore.OpenIddict\Abp.AspNetCore.OpenIddict.csproj", "{97D9F69D-BF8B-F77F-A5DC-EDA383C50D20}"
EndProject
Project("{FAE04EC0-301F-11D3-BF4B-00C04F79EFBC}") = "Abp.AspNetCore", "lib\Abp.AspNetCore\Abp.AspNetCore.csproj", "{2074E7BF-1AF4-EB18-C43C-43FEA1ECA9F6}"
EndProject
Project("{FAE04EC0-301F-11D3-BF4B-00C04F79EFBC}") = "Cz.Jarvis.GraphQL", "src\Cz.Jarvis.GraphQL\Cz.Jarvis.GraphQL.csproj", "{65D3703A-290B-4ABF-B31B-95A685E02278}"
EndProject
Project("{FAE04EC0-301F-11D3-BF4B-00C04F79EFBC}") = "Cz.Jarvis.GraphQL.Tests", "test\Cz.Jarvis.GraphQL.Tests\Cz.Jarvis.GraphQL.Tests.csproj", "{A447F67B-D69A-4C8C-B881-1CB6AA8F6759}"
EndProject
Global
	GlobalSection(SolutionConfigurationPlatforms) = preSolution
		Debug|Any CPU = Debug|Any CPU
		Release|Any CPU = Release|Any CPU
	EndGlobalSection
	GlobalSection(ProjectConfigurationPlatforms) = postSolution
		{9FC37C62-2105-4D32-9724-7323B959504B}.Debug|Any CPU.ActiveCfg = Debug|Any CPU
		{9FC37C62-2105-4D32-9724-7323B959504B}.Debug|Any CPU.Build.0 = Debug|Any CPU
		{9FC37C62-2105-4D32-9724-7323B959504B}.Release|Any CPU.ActiveCfg = Release|Any CPU
		{9FC37C62-2105-4D32-9724-7323B959504B}.Release|Any CPU.Build.0 = Release|Any CPU
		{0FA75A5B-AB83-4FD0-B545-279774C01E87}.Debug|Any CPU.ActiveCfg = Debug|Any CPU
		{0FA75A5B-AB83-4FD0-B545-279774C01E87}.Debug|Any CPU.Build.0 = Debug|Any CPU
		{0FA75A5B-AB83-4FD0-B545-279774C01E87}.Release|Any CPU.ActiveCfg = Release|Any CPU
		{0FA75A5B-AB83-4FD0-B545-279774C01E87}.Release|Any CPU.Build.0 = Release|Any CPU
		{3870C648-4AEA-4B85-BA3F-F2F63B96136A}.Debug|Any CPU.ActiveCfg = Debug|Any CPU
		{3870C648-4AEA-4B85-BA3F-F2F63B96136A}.Debug|Any CPU.Build.0 = Debug|Any CPU
		{3870C648-4AEA-4B85-BA3F-F2F63B96136A}.Release|Any CPU.ActiveCfg = Release|Any CPU
		{3870C648-4AEA-4B85-BA3F-F2F63B96136A}.Release|Any CPU.Build.0 = Release|Any CPU
		{7CAD3713-812A-4DE1-BDE3-59225B1E430A}.Debug|Any CPU.ActiveCfg = Debug|Any CPU
		{7CAD3713-812A-4DE1-BDE3-59225B1E430A}.Debug|Any CPU.Build.0 = Debug|Any CPU
		{7CAD3713-812A-4DE1-BDE3-59225B1E430A}.Release|Any CPU.ActiveCfg = Release|Any CPU
		{7CAD3713-812A-4DE1-BDE3-59225B1E430A}.Release|Any CPU.Build.0 = Release|Any CPU
		{0F0E141D-2626-4114-9805-3AFD8275A6B0}.Debug|Any CPU.ActiveCfg = Debug|Any CPU
		{0F0E141D-2626-4114-9805-3AFD8275A6B0}.Debug|Any CPU.Build.0 = Debug|Any CPU
		{0F0E141D-2626-4114-9805-3AFD8275A6B0}.Release|Any CPU.ActiveCfg = Release|Any CPU
		{0F0E141D-2626-4114-9805-3AFD8275A6B0}.Release|Any CPU.Build.0 = Release|Any CPU
		{A229F7D5-EE83-462E-8642-E9A2D5EA90FE}.Debug|Any CPU.ActiveCfg = Debug|Any CPU
		{A229F7D5-EE83-462E-8642-E9A2D5EA90FE}.Debug|Any CPU.Build.0 = Debug|Any CPU
		{A229F7D5-EE83-462E-8642-E9A2D5EA90FE}.Release|Any CPU.ActiveCfg = Release|Any CPU
		{A229F7D5-EE83-462E-8642-E9A2D5EA90FE}.Release|Any CPU.Build.0 = Release|Any CPU
		{6143A90B-6C2A-4683-8A3A-4D48702770EA}.Debug|Any CPU.ActiveCfg = Debug|Any CPU
		{6143A90B-6C2A-4683-8A3A-4D48702770EA}.Debug|Any CPU.Build.0 = Debug|Any CPU
		{6143A90B-6C2A-4683-8A3A-4D48702770EA}.Release|Any CPU.ActiveCfg = Release|Any CPU
		{6143A90B-6C2A-4683-8A3A-4D48702770EA}.Release|Any CPU.Build.0 = Release|Any CPU
		{4D6603C1-F7D6-4681-97F8-69B4BBBC0536}.Debug|Any CPU.ActiveCfg = Debug|Any CPU
		{4D6603C1-F7D6-4681-97F8-69B4BBBC0536}.Debug|Any CPU.Build.0 = Debug|Any CPU
		{4D6603C1-F7D6-4681-97F8-69B4BBBC0536}.Release|Any CPU.ActiveCfg = Release|Any CPU
		{4D6603C1-F7D6-4681-97F8-69B4BBBC0536}.Release|Any CPU.Build.0 = Release|Any CPU
		{666F9B8F-1D07-4B00-A5FF-36F4BFF5302F}.Debug|Any CPU.ActiveCfg = Debug|Any CPU
		{666F9B8F-1D07-4B00-A5FF-36F4BFF5302F}.Debug|Any CPU.Build.0 = Debug|Any CPU
		{666F9B8F-1D07-4B00-A5FF-36F4BFF5302F}.Release|Any CPU.ActiveCfg = Release|Any CPU
		{666F9B8F-1D07-4B00-A5FF-36F4BFF5302F}.Release|Any CPU.Build.0 = Release|Any CPU
		{D3A60CA1-F06F-41B2-9A7C-2848BBF711E7}.Debug|Any CPU.ActiveCfg = Debug|Any CPU
		{D3A60CA1-F06F-41B2-9A7C-2848BBF711E7}.Debug|Any CPU.Build.0 = Debug|Any CPU
		{D3A60CA1-F06F-41B2-9A7C-2848BBF711E7}.Release|Any CPU.ActiveCfg = Release|Any CPU
		{D3A60CA1-F06F-41B2-9A7C-2848BBF711E7}.Release|Any CPU.Build.0 = Release|Any CPU
		{03DC2603-B63C-4BFB-A8CE-1C0C7B97F355}.Debug|Any CPU.ActiveCfg = Debug|Any CPU
		{03DC2603-B63C-4BFB-A8CE-1C0C7B97F355}.Debug|Any CPU.Build.0 = Debug|Any CPU
		{03DC2603-B63C-4BFB-A8CE-1C0C7B97F355}.Release|Any CPU.ActiveCfg = Release|Any CPU
		{03DC2603-B63C-4BFB-A8CE-1C0C7B97F355}.Release|Any CPU.Build.0 = Release|Any CPU
		{131F6B07-1F81-24CE-8DB1-5E1DBF5788CB}.Debug|Any CPU.ActiveCfg = Debug|Any CPU
		{131F6B07-1F81-24CE-8DB1-5E1DBF5788CB}.Debug|Any CPU.Build.0 = Debug|Any CPU
		{131F6B07-1F81-24CE-8DB1-5E1DBF5788CB}.Release|Any CPU.ActiveCfg = Release|Any CPU
		{131F6B07-1F81-24CE-8DB1-5E1DBF5788CB}.Release|Any CPU.Build.0 = Release|Any CPU
		{C4E26DB6-6BF3-0EAC-E91D-BBE119FD14D7}.Debug|Any CPU.ActiveCfg = Debug|Any CPU
		{C4E26DB6-6BF3-0EAC-E91D-BBE119FD14D7}.Debug|Any CPU.Build.0 = Debug|Any CPU
		{C4E26DB6-6BF3-0EAC-E91D-BBE119FD14D7}.Release|Any CPU.ActiveCfg = Release|Any CPU
		{C4E26DB6-6BF3-0EAC-E91D-BBE119FD14D7}.Release|Any CPU.Build.0 = Release|Any CPU
		{8DBBAB11-434D-10B3-59DC-7C04CEB5293E}.Debug|Any CPU.ActiveCfg = Debug|Any CPU
		{8DBBAB11-434D-10B3-59DC-7C04CEB5293E}.Debug|Any CPU.Build.0 = Debug|Any CPU
		{8DBBAB11-434D-10B3-59DC-7C04CEB5293E}.Release|Any CPU.ActiveCfg = Release|Any CPU
		{8DBBAB11-434D-10B3-59DC-7C04CEB5293E}.Release|Any CPU.Build.0 = Release|Any CPU
		{0AAAE841-9ED1-B5D9-455D-C1E1C1822198}.Debug|Any CPU.ActiveCfg = Debug|Any CPU
		{0AAAE841-9ED1-B5D9-455D-C1E1C1822198}.Debug|Any CPU.Build.0 = Debug|Any CPU
		{0AAAE841-9ED1-B5D9-455D-C1E1C1822198}.Release|Any CPU.ActiveCfg = Release|Any CPU
		{0AAAE841-9ED1-B5D9-455D-C1E1C1822198}.Release|Any CPU.Build.0 = Release|Any CPU
		{FC4083FA-1879-81FA-DE11-8496C0FC0AB3}.Debug|Any CPU.ActiveCfg = Debug|Any CPU
		{FC4083FA-1879-81FA-DE11-8496C0FC0AB3}.Debug|Any CPU.Build.0 = Debug|Any CPU
		{FC4083FA-1879-81FA-DE11-8496C0FC0AB3}.Release|Any CPU.ActiveCfg = Release|Any CPU
		{FC4083FA-1879-81FA-DE11-8496C0FC0AB3}.Release|Any CPU.Build.0 = Release|Any CPU
		{BE9D28B0-6FA6-D4F8-41C3-E6A1EE0FD379}.Debug|Any CPU.ActiveCfg = Debug|Any CPU
		{BE9D28B0-6FA6-D4F8-41C3-E6A1EE0FD379}.Debug|Any CPU.Build.0 = Debug|Any CPU
		{BE9D28B0-6FA6-D4F8-41C3-E6A1EE0FD379}.Release|Any CPU.ActiveCfg = Release|Any CPU
		{BE9D28B0-6FA6-D4F8-41C3-E6A1EE0FD379}.Release|Any CPU.Build.0 = Release|Any CPU
		{2896757E-9E68-DC55-C43A-CD4A6B90447E}.Debug|Any CPU.ActiveCfg = Debug|Any CPU
		{2896757E-9E68-DC55-C43A-CD4A6B90447E}.Debug|Any CPU.Build.0 = Debug|Any CPU
		{2896757E-9E68-DC55-C43A-CD4A6B90447E}.Release|Any CPU.ActiveCfg = Release|Any CPU
		{2896757E-9E68-DC55-C43A-CD4A6B90447E}.Release|Any CPU.Build.0 = Release|Any CPU
		{BEFA6312-372D-69D0-3E49-D2C3DE34B1F7}.Debug|Any CPU.ActiveCfg = Debug|Any CPU
		{BEFA6312-372D-69D0-3E49-D2C3DE34B1F7}.Debug|Any CPU.Build.0 = Debug|Any CPU
		{BEFA6312-372D-69D0-3E49-D2C3DE34B1F7}.Release|Any CPU.ActiveCfg = Release|Any CPU
		{BEFA6312-372D-69D0-3E49-D2C3DE34B1F7}.Release|Any CPU.Build.0 = Release|Any CPU
		{DD2D0DD9-1CCF-D609-3E8B-4F11FC421F34}.Debug|Any CPU.ActiveCfg = Debug|Any CPU
		{DD2D0DD9-1CCF-D609-3E8B-4F11FC421F34}.Debug|Any CPU.Build.0 = Debug|Any CPU
		{DD2D0DD9-1CCF-D609-3E8B-4F11FC421F34}.Release|Any CPU.ActiveCfg = Release|Any CPU
		{DD2D0DD9-1CCF-D609-3E8B-4F11FC421F34}.Release|Any CPU.Build.0 = Release|Any CPU
		{3D86A1AC-4A80-2056-8FF9-ADF14F23ACCE}.Debug|Any CPU.ActiveCfg = Debug|Any CPU
		{3D86A1AC-4A80-2056-8FF9-ADF14F23ACCE}.Debug|Any CPU.Build.0 = Debug|Any CPU
		{3D86A1AC-4A80-2056-8FF9-ADF14F23ACCE}.Release|Any CPU.ActiveCfg = Release|Any CPU
		{3D86A1AC-4A80-2056-8FF9-ADF14F23ACCE}.Release|Any CPU.Build.0 = Release|Any CPU
		{8A695CA2-8002-BEC9-E206-4AAB9A605721}.Debug|Any CPU.ActiveCfg = Debug|Any CPU
		{8A695CA2-8002-BEC9-E206-4AAB9A605721}.Debug|Any CPU.Build.0 = Debug|Any CPU
		{8A695CA2-8002-BEC9-E206-4AAB9A605721}.Release|Any CPU.ActiveCfg = Release|Any CPU
		{8A695CA2-8002-BEC9-E206-4AAB9A605721}.Release|Any CPU.Build.0 = Release|Any CPU
		{DBDCB66C-98D3-187F-0B26-D7BEDF21CDE5}.Debug|Any CPU.ActiveCfg = Debug|Any CPU
		{DBDCB66C-98D3-187F-0B26-D7BEDF21CDE5}.Debug|Any CPU.Build.0 = Debug|Any CPU
		{DBDCB66C-98D3-187F-0B26-D7BEDF21CDE5}.Release|Any CPU.ActiveCfg = Release|Any CPU
		{DBDCB66C-98D3-187F-0B26-D7BEDF21CDE5}.Release|Any CPU.Build.0 = Release|Any CPU
		{FF1F60F2-7C93-1798-1774-EF7B2DD5C4BC}.Debug|Any CPU.ActiveCfg = Debug|Any CPU
		{FF1F60F2-7C93-1798-1774-EF7B2DD5C4BC}.Debug|Any CPU.Build.0 = Debug|Any CPU
		{FF1F60F2-7C93-1798-1774-EF7B2DD5C4BC}.Release|Any CPU.ActiveCfg = Release|Any CPU
		{FF1F60F2-7C93-1798-1774-EF7B2DD5C4BC}.Release|Any CPU.Build.0 = Release|Any CPU
		{FA994A3E-E09E-1E5D-8ACB-98CB840CB196}.Debug|Any CPU.ActiveCfg = Debug|Any CPU
		{FA994A3E-E09E-1E5D-8ACB-98CB840CB196}.Debug|Any CPU.Build.0 = Debug|Any CPU
		{FA994A3E-E09E-1E5D-8ACB-98CB840CB196}.Release|Any CPU.ActiveCfg = Release|Any CPU
		{FA994A3E-E09E-1E5D-8ACB-98CB840CB196}.Release|Any CPU.Build.0 = Release|Any CPU
		{1AD52FDF-9638-A24D-0C2D-66F21F555D06}.Debug|Any CPU.ActiveCfg = Debug|Any CPU
		{1AD52FDF-9638-A24D-0C2D-66F21F555D06}.Debug|Any CPU.Build.0 = Debug|Any CPU
		{1AD52FDF-9638-A24D-0C2D-66F21F555D06}.Release|Any CPU.ActiveCfg = Release|Any CPU
		{1AD52FDF-9638-A24D-0C2D-66F21F555D06}.Release|Any CPU.Build.0 = Release|Any CPU
		{8D2FC505-8BD4-28F2-8CD1-F42523EEA780}.Debug|Any CPU.ActiveCfg = Debug|Any CPU
		{8D2FC505-8BD4-28F2-8CD1-F42523EEA780}.Debug|Any CPU.Build.0 = Debug|Any CPU
		{8D2FC505-8BD4-28F2-8CD1-F42523EEA780}.Release|Any CPU.ActiveCfg = Release|Any CPU
		{8D2FC505-8BD4-28F2-8CD1-F42523EEA780}.Release|Any CPU.Build.0 = Release|Any CPU
		{B7358802-AF30-22F4-8AA3-49B6F5F24C56}.Debug|Any CPU.ActiveCfg = Debug|Any CPU
		{B7358802-AF30-22F4-8AA3-49B6F5F24C56}.Debug|Any CPU.Build.0 = Debug|Any CPU
		{B7358802-AF30-22F4-8AA3-49B6F5F24C56}.Release|Any CPU.ActiveCfg = Release|Any CPU
		{B7358802-AF30-22F4-8AA3-49B6F5F24C56}.Release|Any CPU.Build.0 = Release|Any CPU
		{C9F55D03-BEE9-0A13-2769-5C45659FFBB0}.Debug|Any CPU.ActiveCfg = Debug|Any CPU
		{C9F55D03-BEE9-0A13-2769-5C45659FFBB0}.Debug|Any CPU.Build.0 = Debug|Any CPU
		{C9F55D03-BEE9-0A13-2769-5C45659FFBB0}.Release|Any CPU.ActiveCfg = Release|Any CPU
		{C9F55D03-BEE9-0A13-2769-5C45659FFBB0}.Release|Any CPU.Build.0 = Release|Any CPU
		{97D9F69D-BF8B-F77F-A5DC-EDA383C50D20}.Debug|Any CPU.ActiveCfg = Debug|Any CPU
		{97D9F69D-BF8B-F77F-A5DC-EDA383C50D20}.Debug|Any CPU.Build.0 = Debug|Any CPU
		{97D9F69D-BF8B-F77F-A5DC-EDA383C50D20}.Release|Any CPU.ActiveCfg = Release|Any CPU
		{97D9F69D-BF8B-F77F-A5DC-EDA383C50D20}.Release|Any CPU.Build.0 = Release|Any CPU
		{2074E7BF-1AF4-EB18-C43C-43FEA1ECA9F6}.Debug|Any CPU.ActiveCfg = Debug|Any CPU
		{2074E7BF-1AF4-EB18-C43C-43FEA1ECA9F6}.Debug|Any CPU.Build.0 = Debug|Any CPU
		{2074E7BF-1AF4-EB18-C43C-43FEA1ECA9F6}.Release|Any CPU.ActiveCfg = Release|Any CPU
		{2074E7BF-1AF4-EB18-C43C-43FEA1ECA9F6}.Release|Any CPU.Build.0 = Release|Any CPU
		{65D3703A-290B-4ABF-B31B-95A685E02278}.Debug|Any CPU.ActiveCfg = Debug|Any CPU
		{65D3703A-290B-4ABF-B31B-95A685E02278}.Debug|Any CPU.Build.0 = Debug|Any CPU
		{65D3703A-290B-4ABF-B31B-95A685E02278}.Release|Any CPU.ActiveCfg = Release|Any CPU
		{65D3703A-290B-4ABF-B31B-95A685E02278}.Release|Any CPU.Build.0 = Release|Any CPU
		{A447F67B-D69A-4C8C-B881-1CB6AA8F6759}.Debug|Any CPU.ActiveCfg = Debug|Any CPU
		{A447F67B-D69A-4C8C-B881-1CB6AA8F6759}.Debug|Any CPU.Build.0 = Debug|Any CPU
		{A447F67B-D69A-4C8C-B881-1CB6AA8F6759}.Release|Any CPU.ActiveCfg = Release|Any CPU
		{A447F67B-D69A-4C8C-B881-1CB6AA8F6759}.Release|Any CPU.Build.0 = Release|Any CPU
	EndGlobalSection
	GlobalSection(SolutionProperties) = preSolution
		HideSolutionNode = FALSE
	EndGlobalSection
	GlobalSection(NestedProjects) = preSolution
		{9FC37C62-2105-4D32-9724-7323B959504B} = {AFAA0841-BD93-466F-B8F4-FB4EEC86F1FC}
		{0FA75A5B-AB83-4FD0-B545-279774C01E87} = {AFAA0841-BD93-466F-B8F4-FB4EEC86F1FC}
		{3870C648-4AEA-4B85-BA3F-F2F63B96136A} = {AFAA0841-BD93-466F-B8F4-FB4EEC86F1FC}
		{7CAD3713-812A-4DE1-BDE3-59225B1E430A} = {AFAA0841-BD93-466F-B8F4-FB4EEC86F1FC}
		{0F0E141D-2626-4114-9805-3AFD8275A6B0} = {AFAA0841-BD93-466F-B8F4-FB4EEC86F1FC}
		{A229F7D5-EE83-462E-8642-E9A2D5EA90FE} = {AFAA0841-BD93-466F-B8F4-FB4EEC86F1FC}
		{6143A90B-6C2A-4683-8A3A-4D48702770EA} = {AFAA0841-BD93-466F-B8F4-FB4EEC86F1FC}
		{4D6603C1-F7D6-4681-97F8-69B4BBBC0536} = {AFAA0841-BD93-466F-B8F4-FB4EEC86F1FC}
		{666F9B8F-1D07-4B00-A5FF-36F4BFF5302F} = {F10AA149-2626-486E-85BB-9CD5365F3016}
		{D3A60CA1-F06F-41B2-9A7C-2848BBF711E7} = {2F73D02D-5F61-4352-93BB-F7342AA7E048}
		{03DC2603-B63C-4BFB-A8CE-1C0C7B97F355} = {2F73D02D-5F61-4352-93BB-F7342AA7E048}
		{131F6B07-1F81-24CE-8DB1-5E1DBF5788CB} = {2F73D02D-5F61-4352-93BB-F7342AA7E048}
		{C4E26DB6-6BF3-0EAC-E91D-BBE119FD14D7} = {2F73D02D-5F61-4352-93BB-F7342AA7E048}
		{8DBBAB11-434D-10B3-59DC-7C04CEB5293E} = {2F73D02D-5F61-4352-93BB-F7342AA7E048}
		{0AAAE841-9ED1-B5D9-455D-C1E1C1822198} = {2F73D02D-5F61-4352-93BB-F7342AA7E048}
		{FC4083FA-1879-81FA-DE11-8496C0FC0AB3} = {2F73D02D-5F61-4352-93BB-F7342AA7E048}
		{BE9D28B0-6FA6-D4F8-41C3-E6A1EE0FD379} = {2F73D02D-5F61-4352-93BB-F7342AA7E048}
		{2896757E-9E68-DC55-C43A-CD4A6B90447E} = {2F73D02D-5F61-4352-93BB-F7342AA7E048}
		{BEFA6312-372D-69D0-3E49-D2C3DE34B1F7} = {2F73D02D-5F61-4352-93BB-F7342AA7E048}
		{DD2D0DD9-1CCF-D609-3E8B-4F11FC421F34} = {2F73D02D-5F61-4352-93BB-F7342AA7E048}
		{3D86A1AC-4A80-2056-8FF9-ADF14F23ACCE} = {2F73D02D-5F61-4352-93BB-F7342AA7E048}
		{8A695CA2-8002-BEC9-E206-4AAB9A605721} = {2F73D02D-5F61-4352-93BB-F7342AA7E048}
		{DBDCB66C-98D3-187F-0B26-D7BEDF21CDE5} = {2F73D02D-5F61-4352-93BB-F7342AA7E048}
		{FF1F60F2-7C93-1798-1774-EF7B2DD5C4BC} = {2F73D02D-5F61-4352-93BB-F7342AA7E048}
		{FA994A3E-E09E-1E5D-8ACB-98CB840CB196} = {2F73D02D-5F61-4352-93BB-F7342AA7E048}
		{1AD52FDF-9638-A24D-0C2D-66F21F555D06} = {2F73D02D-5F61-4352-93BB-F7342AA7E048}
		{8D2FC505-8BD4-28F2-8CD1-F42523EEA780} = {2F73D02D-5F61-4352-93BB-F7342AA7E048}
		{B7358802-AF30-22F4-8AA3-49B6F5F24C56} = {2F73D02D-5F61-4352-93BB-F7342AA7E048}
		{C9F55D03-BEE9-0A13-2769-5C45659FFBB0} = {2F73D02D-5F61-4352-93BB-F7342AA7E048}
		{97D9F69D-BF8B-F77F-A5DC-EDA383C50D20} = {2F73D02D-5F61-4352-93BB-F7342AA7E048}
		{2074E7BF-1AF4-EB18-C43C-43FEA1ECA9F6} = {2F73D02D-5F61-4352-93BB-F7342AA7E048}
		{65D3703A-290B-4ABF-B31B-95A685E02278} = {AFAA0841-BD93-466F-B8F4-FB4EEC86F1FC}
		{A447F67B-D69A-4C8C-B881-1CB6AA8F6759} = {F10AA149-2626-486E-85BB-9CD5365F3016}
	EndGlobalSection
	GlobalSection(ExtensibilityGlobals) = postSolution
		SolutionGuid = {23CD4D4B-B131-473D-9ECB-5DD96E739671}
	EndGlobalSection
EndGlobal
